
Microsoft Visual Studio Solution File, Format Version 12.00
# Visual Studio Version 17
VisualStudioVersion = 17.10.35122.118
MinimumVisualStudioVersion = 10.0.40219.1
Project("{FAE04EC0-301F-11D3-BF4B-00C04F79EFBC}") = "ConsoleApp1", "ConsoleApp1.csproj", "{AC4C0D33-86AA-4228-885C-AAC6D9F5F132}"
EndProject
Global
	GlobalSection(SolutionConfigurationPlatforms) = preSolution
		Debug|Any CPU = Debug|Any CPU
		Release|Any CPU = Release|Any CPU
	EndGlobalSection
	GlobalSection(ProjectConfigurationPlatforms) = postSolution
		{AC4C0D33-86AA-4228-885C-AAC6D9F5F132}.Debug|Any CPU.ActiveCfg = Debug|Any CPU
		{AC4C0D33-86AA-4228-885C-AAC6D9F5F132}.Debug|Any CPU.Build.0 = Debug|Any CPU
		{AC4C0D33-86AA-4228-885C-AAC6D9F5F132}.Release|Any CPU.ActiveCfg = Release|Any CPU
		{AC4C0D33-86AA-4228-885C-AAC6D9F5F132}.Release|Any CPU.Build.0 = Release|Any CPU
	EndGlobalSection
	GlobalSection(SolutionProperties) = preSolution
		HideSolutionNode = FALSE
	EndGlobalSection
	GlobalSection(ExtensibilityGlobals) = postSolution
		SolutionGuid = {EEB1D8BE-E884-447A-80F0-6B3369AD4F42}
	EndGlobalSection
EndGlobal
