
Microsoft Visual Studio Solution File, Format Version 12.00
# Visual Studio Version 17
VisualStudioVersion = 17.10.35122.118
MinimumVisualStudioVersion = 10.0.40219.1
Project("{FAE04EC0-301F-11D3-BF4B-00C04F79EFBC}") = "ConsoleApp1", "ConsoleApp1.csproj", "{526453B7-EB90-4651-B063-A54C37F55D06}"
EndProject
Project("{2150E333-8FDC-42A3-9474-1A3956D46DE8}") = "Элементы решения", "Элементы решения", "{8E9BCCA6-6200-46E7-97AF-1A0A15629C56}"
EndProject
Global
	GlobalSection(SolutionConfigurationPlatforms) = preSolution
		Debug|Any CPU = Debug|Any CPU
		Release|Any CPU = Release|Any CPU
	EndGlobalSection
	GlobalSection(ProjectConfigurationPlatforms) = postSolution
		{526453B7-EB90-4651-B063-A54C37F55D06}.Debug|Any CPU.ActiveCfg = Debug|Any CPU
		{526453B7-EB90-4651-B063-A54C37F55D06}.Debug|Any CPU.Build.0 = Debug|Any CPU
		{526453B7-EB90-4651-B063-A54C37F55D06}.Release|Any CPU.ActiveCfg = Release|Any CPU
		{526453B7-EB90-4651-B063-A54C37F55D06}.Release|Any CPU.Build.0 = Release|Any CPU
	EndGlobalSection
	GlobalSection(SolutionProperties) = preSolution
		HideSolutionNode = FALSE
	EndGlobalSection
	GlobalSection(ExtensibilityGlobals) = postSolution
		SolutionGuid = {DBB08831-8C60-4499-BF9D-20DCA00A1C91}
	EndGlobalSection
EndGlobal
