
Microsoft Visual Studio Solution File, Format Version 12.00
# Visual Studio Version 17
VisualStudioVersion = 17.10.35122.118
MinimumVisualStudioVersion = 10.0.40219.1
Project("{FAE04EC0-301F-11D3-BF4B-00C04F79EFBC}") = "вариант 2 enum дни недели", "вариант 2 enum дни недели.csproj", "{BC83945C-9F01-402B-8283-92636E0E06F3}"
EndProject
Project("{FAE04EC0-301F-11D3-BF4B-00C04F79EFBC}") = "Вариант 4", "..\Вариант 4\Вариант 4.csproj", "{DC4AC775-4D8E-4630-BEFB-C5CC5F448230}"
EndProject
Global
	GlobalSection(SolutionConfigurationPlatforms) = preSolution
		Debug|Any CPU = Debug|Any CPU
		Release|Any CPU = Release|Any CPU
	EndGlobalSection
	GlobalSection(ProjectConfigurationPlatforms) = postSolution
		{BC83945C-9F01-402B-8283-92636E0E06F3}.Debug|Any CPU.ActiveCfg = Debug|Any CPU
		{BC83945C-9F01-402B-8283-92636E0E06F3}.Debug|Any CPU.Build.0 = Debug|Any CPU
		{BC83945C-9F01-402B-8283-92636E0E06F3}.Release|Any CPU.ActiveCfg = Release|Any CPU
		{BC83945C-9F01-402B-8283-92636E0E06F3}.Release|Any CPU.Build.0 = Release|Any CPU
		{DC4AC775-4D8E-4630-BEFB-C5CC5F448230}.Debug|Any CPU.ActiveCfg = Debug|Any CPU
		{DC4AC775-4D8E-4630-BEFB-C5CC5F448230}.Debug|Any CPU.Build.0 = Debug|Any CPU
		{DC4AC775-4D8E-4630-BEFB-C5CC5F448230}.Release|Any CPU.ActiveCfg = Release|Any CPU
		{DC4AC775-4D8E-4630-BEFB-C5CC5F448230}.Release|Any CPU.Build.0 = Release|Any CPU
	EndGlobalSection
	GlobalSection(SolutionProperties) = preSolution
		HideSolutionNode = FALSE
	EndGlobalSection
	GlobalSection(ExtensibilityGlobals) = postSolution
		SolutionGuid = {9DAF4933-FF43-4764-AEB4-FBE7AA345865}
	EndGlobalSection
EndGlobal
